#MicroXplorer Configuration settings - do not modify
Mcu.Family=STM32G4
ProjectManager.MainLocation=Src
RCC.USART1Freq_Value=170000000
ADC2.OffsetNumber-2\#ChannelRegularConversion=ADC_OFFSET_NONE
RCC.SAI1Freq_Value=170000000
RCC.CortexFreq_Value=170000000
VP_DAC2_VS_DACI1.Mode=DAC_OUT1_Int
ProjectManager.KeepUserCode=true
Mcu.UserName=STM32G474RETx
VP_IWDG_VS_IWDG.Mode=IWDG_Activate
PA0.GPIO_Label=iaLight
ProjectManager.functionlistsort=1-MX_GPIO_Init-GPIO-false-HAL-true,2-SystemClock_Config-RCC-false-HAL-false,3-MX_DAC1_Init-DAC1-false-HAL-true,4-MX_DAC2_Init-DAC2-false-HAL-true,5-MX_DAC3_Init-DAC3-false-HAL-true,6-MX_IWDG_Init-IWDG-false-HAL-true,7-MX_I2C1_Init-I2C1-false-HAL-true,8-MX_LPUART1_UART_Init-LPUART1-false-HAL-true,9-MX_ADC2_Init-ADC2-false-HAL-true
NVIC.EXTI3_IRQn=true\:0\:0\:false\:false\:false\:true\:false
LPUART1.WordLength=UART_WORDLENGTH_8B
RCC.USART2Freq_Value=170000000
PC13.GPIO_Label=iBTN_USR
PinOutPanel.RotationAngle=0
RCC.MCO1PinFreq_Value=16000000
RCC.SYSCLKSource=RCC_SYSCLKSOURCE_PLLCLK
ProjectManager.StackSize=0x400
RCC.I2C3Freq_Value=170000000
RCC.LPTIM1Freq_Value=170000000
Mcu.IP4=I2C1
Mcu.IP5=IWDG
RCC.FCLKCortexFreq_Value=170000000
Mcu.IP2=DAC2
I2C1.IPParameters=Timing
NVIC.SVCall_IRQn=true\:0\:0\:false\:false\:false\:false\:false
Mcu.IP3=DAC3
Mcu.IP0=ADC2
Mcu.IP1=DAC1
SH.GPXTI3.ConfNb=1
Mcu.UserConstants=
VP_DAC3_VS_DACI1.Signal=DAC3_VS_DACI1
LPUART1.Prescaler=UART_PRESCALER_DIV4
Mcu.ThirdPartyNb=0
NVIC.LPUART1_IRQn=true\:0\:0\:false\:false\:false\:true\:false
RCC.HCLKFreq_Value=170000000
RCC.I2C4Freq_Value=170000000
Mcu.IPNb=10
ProjectManager.PreviousToolchain=
RCC.APB2TimFreq_Value=170000000
Mcu.Pin6=PA10
Mcu.Pin7=PB3
Mcu.Pin8=PB8-BOOT0
Mcu.Pin9=PB9
RCC.AHBFreq_Value=170000000
Mcu.Pin0=PC13
Mcu.Pin1=PA0
GPIO.groupedBy=Show All
Mcu.Pin2=PA2
Mcu.Pin3=PA3
RCC.USART3Freq_Value=170000000
Mcu.Pin4=PA5
NVIC.EXTI15_10_IRQn=true\:0\:0\:false\:false\:false\:true\:false
Mcu.Pin5=PB10
ProjectManager.ProjectBuild=false
RCC.HSE_VALUE=8000000
NVIC.UsageFault_IRQn=true\:0\:0\:false\:false\:false\:false\:false
PA0.Locked=true
NVIC.DebugMonitor_IRQn=true\:0\:0\:false\:false\:false\:false\:false
RCC.ADC12Freq_Value=170000000
NVIC.SysTick_IRQn=true\:0\:0\:false\:false\:true\:false\:true
VP_DAC3_VS_DACI1.Mode=DAC_OUT1_Int
ProjectManager.FirmwarePackage=STM32Cube FW_G4 V1.1.0
MxDb.Version=DB.5.0.30
ProjectManager.BackupPrevious=false
RCC.VCOInputFreq_Value=4000000
File.Version=6
PA10.GPIO_Label=oBTN
VP_SYS_VS_DBSignals.Mode=DisableDeadBatterySignals
PB3.GPIOParameters=GPIO_Label
RCC.PLLRCLKFreq_Value=170000000
NVIC.PendSV_IRQn=true\:0\:0\:false\:false\:false\:false\:false
DAC3.IPParameters=DAC_Channel-DAC_OUT2_Int
ProjectManager.HalAssertFull=false
DAC3.DAC_Channel-DAC_OUT2_Int=DAC_CHANNEL_2
RCC.CRSFreq_Value=48000000
ProjectManager.ProjectName=cubemx_stm32g474.new
PA0.Signal=SharedAnalog_PA0
Mcu.Package=LQFP64
PB9.Signal=I2C1_SDA
VP_DAC1_VS_DACI1.Mode=DAC_OUT1_Int
PA5.Locked=true
ProjectManager.ToolChainLocation=
RCC.LSI_VALUE=32000
VP_SYS_VS_Systick.Signal=SYS_VS_Systick
RCC.LSCOPinFreq_Value=32000
PA10.Signal=GPIO_Output
PA5.GPIOParameters=GPIO_Label
ADC2.SamplingTime-2\#ChannelRegularConversion=ADC_SAMPLETIME_2CYCLES_5
RCC.PLLPoutputFreq_Value=42500000
RCC.APB1TimFreq_Value=170000000
NVIC.BusFault_IRQn=true\:0\:0\:false\:false\:false\:false\:false
RCC.LPUART1Freq_Value=170000000
ADC2.Rank-2\#ChannelRegularConversion=1
PB10.GPIOParameters=GPIO_Label
RCC.CK48CLockSelection=RCC_USBCLKSOURCE_HSI48
ProjectManager.CustomerFirmwarePackage=
RCC.HSI48_VALUE=48000000
PB3.Locked=true
RCC.HRTIM1Freq_Value=170000000
PA3.Signal=LPUART1_RX
VP_DAC2_VS_DACI1.Signal=DAC2_VS_DACI1
PA2.Locked=true
PB3.GPIO_Label=iBTN
SH.GPXTI10.0=GPIO_EXTI10
RCC.I2SFreq_Value=170000000
RCC.PLLQoutputFreq_Value=42500000
ProjectManager.ProjectFileName=cubemx_stm32g474.new.ioc
PB8-BOOT0.Mode=I2C
Mcu.PinsNb=17
ProjectManager.NoMain=false
SH.SharedAnalog_PA0.0=GPIO_Analog
SH.SharedAnalog_PA0.1=ADC2_IN1,IN1-Single-Ended
PC13.Locked=true
PC13.Signal=GPIO_Input
RCC.EXTERNAL_CLOCK_VALUE=12288000
ProjectManager.DefaultFWLocation=true
VP_DAC1_VS_DACI1.Signal=DAC1_VS_DACI1
ProjectManager.DeletePrevious=true
PB10.Locked=true
RCC.QSPIFreq_Value=170000000
boardIOC=true
LPUART1.IPParameters=BaudRate,WordLength,Prescaler
RCC.FamilyName=M
PB8-BOOT0.Locked=true
PA3.Mode=Asynchronous
VP_DAC3_VS_DACI2.Signal=DAC3_VS_DACI2
ProjectManager.TargetToolchain=Makefile
PB10.GPIO_Label=iBTN_EXT
ADC2.IPParameters=Rank-2\#ChannelRegularConversion,Channel-2\#ChannelRegularConversion,SamplingTime-2\#ChannelRegularConversion,OffsetNumber-2\#ChannelRegularConversion,NbrOfConversionFlag
PB9.Mode=I2C
I2C1.Timing=0x30A0A7FB
PB9.Locked=true
ProjectManager.RegisterCallBack=
RCC.USBFreq_Value=48000000
RCC.LSE_VALUE=32768
PB10.Signal=GPXTI10
PA5.Signal=GPIO_Output
PB8-BOOT0.Signal=I2C1_SCL
board=B-G474E-DPOW1
SH.GPXTI3.0=GPIO_EXTI3
RCC.VCOOutputFreq_Value=340000000
ProjectManager.LastFirmware=true
ADC2.Channel-2\#ChannelRegularConversion=ADC_CHANNEL_1
RCC.ADC345Freq_Value=170000000
RCC.APB2Freq_Value=170000000
RCC.UART4Freq_Value=170000000
MxCube.Version=5.3.0
RCC.I2C1Freq_Value=170000000
VP_SYS_VS_DBSignals.Signal=SYS_VS_DBSignals
PC13.GPIOParameters=GPIO_Label
RCC.FDCANFreq_Value=170000000
RCC.RNGFreq_Value=48000000
PA10.GPIOParameters=GPIO_Label
VP_SYS_VS_Systick.Mode=SysTick
NVIC.NonMaskableInt_IRQn=true\:0\:0\:false\:false\:false\:false\:false
VP_DAC3_VS_DACI2.Mode=DAC_OUT2_Int
SH.SharedAnalog_PA0.ConfNb=2
RCC.UART5Freq_Value=170000000
ProjectManager.FreePins=false
RCC.IPParameters=ADC12Freq_Value,ADC345Freq_Value,AHBFreq_Value,APB1Freq_Value,APB1TimFreq_Value,APB2Freq_Value,APB2TimFreq_Value,CK48CLockSelection,CRSFreq_Value,CortexFreq_Value,EXTERNAL_CLOCK_VALUE,FCLKCortexFreq_Value,FDCANFreq_Value,FamilyName,HCLKFreq_Value,HRTIM1Freq_Value,HSE_VALUE,HSI48_VALUE,HSI_VALUE,I2C1Freq_Value,I2C2Freq_Value,I2C3Freq_Value,I2C4Freq_Value,I2SFreq_Value,LPTIM1Freq_Value,LPUART1Freq_Value,LSCOPinFreq_Value,LSE_VALUE,LSI_VALUE,MCO1PinFreq_Value,PLLM,PLLN,PLLP,PLLPoutputFreq_Value,PLLQ,PLLQoutputFreq_Value,PLLRCLKFreq_Value,PWRFreq_Value,QSPIFreq_Value,RNGFreq_Value,SAI1Freq_Value,SYSCLKFreq_VALUE,SYSCLKSource,UART4Freq_Value,UART5Freq_Value,USART1Freq_Value,USART2Freq_Value,USART3Freq_Value,USBFreq_Value,VCOInputFreq_Value,VCOOutputFreq_Value
IWDG.IPParameters=Prescaler
ProjectManager.AskForMigrate=true
Mcu.Name=STM32G474R(B-C-E)Tx
LPUART1.BaudRate=115200
PA2.Signal=LPUART1_TX
ProjectManager.UnderRoot=false
Mcu.IP8=RCC
Mcu.IP9=SYS
Mcu.IP6=LPUART1
Mcu.IP7=NVIC
ProjectManager.CoupleFile=false
PB3.Signal=GPXTI3
RCC.SYSCLKFreq_VALUE=170000000
PA3.Locked=true
PA10.Locked=true
PA5.GPIO_Label=LD2
ADC2.NbrOfConversionFlag=1
NVIC.ForceEnableDMAVector=true
KeepUserPlacement=false
NVIC.MemoryManagement_IRQn=true\:0\:0\:false\:false\:false\:false\:false
ProjectManager.CompilerOptimize=6
VP_IWDG_VS_IWDG.Signal=IWDG_VS_IWDG
ProjectManager.HeapSize=0x200
PA0.GPIOParameters=GPIO_Label
Mcu.Pin15=VP_SYS_VS_Systick
NVIC.HardFault_IRQn=true\:0\:0\:false\:false\:false\:false\:false
Mcu.Pin16=VP_SYS_VS_DBSignals
Mcu.Pin13=VP_DAC3_VS_DACI2
Mcu.Pin14=VP_IWDG_VS_IWDG
ProjectManager.ComputerToolchain=false
RCC.HSI_VALUE=16000000
RCC.PLLP=RCC_PLLP_DIV8
RCC.PLLQ=RCC_PLLQ_DIV8
NVIC.PriorityGroup=NVIC_PRIORITYGROUP_4
Mcu.Pin11=VP_DAC2_VS_DACI1
Mcu.Pin12=VP_DAC3_VS_DACI1
RCC.PLLM=RCC_PLLM_DIV4
RCC.PLLN=85
Mcu.Pin10=VP_DAC1_VS_DACI1
IWDG.Prescaler=IWDG_PRESCALER_32
SH.GPXTI10.ConfNb=1
PA2.Mode=Asynchronous
RCC.PWRFreq_Value=170000000
RCC.I2C2Freq_Value=170000000
RCC.APB1Freq_Value=170000000
ProjectManager.DeviceId=STM32G474RETx
ProjectManager.LibraryCopy=0
